
Microsoft Visual Studio Solution File, Format Version 12.00
# Visual Studio Version 17
VisualStudioVersion = 17.3.32901.215
MinimumVisualStudioVersion = 10.0.40219.1
Project("{9A19103F-16F7-4668-BE54-9A1E7A4F7556}") = "ConsoleApp", "src\DataStructures.ConsoleApp\DataStructures.ConsoleApp.csproj", "{4DBD97A6-B77A-4964-BF47-E982B4578540}"
EndProject
Project("{2150E333-8FDC-42A3-9474-1A3956D46DE8}") = "_Solution Items", "_Solution Items", "{72A31C89-ED5F-499D-87A5-EE33F6AAED7E}"
	ProjectSection(SolutionItems) = preProject
		README.md = README.md
	EndProjectSection
EndProject
Global
	GlobalSection(SolutionConfigurationPlatforms) = preSolution
		Debug|Any CPU = Debug|Any CPU
		Release|Any CPU = Release|Any CPU
	EndGlobalSection
	GlobalSection(ProjectConfigurationPlatforms) = postSolution
		{4DBD97A6-B77A-4964-BF47-E982B4578540}.Debug|Any CPU.ActiveCfg = Debug|Any CPU
		{4DBD97A6-B77A-4964-BF47-E982B4578540}.Debug|Any CPU.Build.0 = Debug|Any CPU
		{4DBD97A6-B77A-4964-BF47-E982B4578540}.Release|Any CPU.ActiveCfg = Release|Any CPU
		{4DBD97A6-B77A-4964-BF47-E982B4578540}.Release|Any CPU.Build.0 = Release|Any CPU
	EndGlobalSection
	GlobalSection(SolutionProperties) = preSolution
		HideSolutionNode = FALSE
	EndGlobalSection
	GlobalSection(ExtensibilityGlobals) = postSolution
		SolutionGuid = {6D535E33-1222-4A8C-86BD-04D3422EDC74}
	EndGlobalSection
EndGlobal
